
Microsoft Visual Studio Solution File, Format Version 12.00
# Visual Studio Version 17
VisualStudioVersion = 17.11.35327.3
MinimumVisualStudioVersion = 10.0.40219.1
Project("{9A19103F-16F7-4668-BE54-9A1E7A4F7556}") = "FileStorage", "FileStorage\FileStorage.csproj", "{D12612EA-A80D-4EC6-82B9-75873D15754E}"
EndProject
Project("{9A19103F-16F7-4668-BE54-9A1E7A4F7556}") = "DAL", "DAL\DAL.csproj", "{A3E43159-A12C-4D95-92E1-CD0BA57CFDDC}"
EndProject
Project("{9A19103F-16F7-4668-BE54-9A1E7A4F7556}") = "DTOs", "DTOs\DTOs.csproj", "{0FEEBACB-7C7B-491D-A3B2-7761A648C127}"
EndProject
Project("{9A19103F-16F7-4668-BE54-9A1E7A4F7556}") = "LOGIC", "LOGIC\LOGIC.csproj", "{A6244DAC-91EE-4E24-A8F4-52B917BB9411}"
EndProject
Project("{9A19103F-16F7-4668-BE54-9A1E7A4F7556}") = "INTERFACES", "INTERFACES\INTERFACES.csproj", "{A7CF983F-1C65-4B4A-9898-9B55E3C5D52F}"
EndProject
Project("{9A19103F-16F7-4668-BE54-9A1E7A4F7556}") = "FileStorage.Tests", "FileStorage.Tests\FileStorage.Tests.csproj", "{2DF1CF67-21A4-443C-9E12-6A868767E6D9}"
EndProject
Global
	GlobalSection(SolutionConfigurationPlatforms) = preSolution
		Debug|Any CPU = Debug|Any CPU
		Release|Any CPU = Release|Any CPU
	EndGlobalSection
	GlobalSection(ProjectConfigurationPlatforms) = postSolution
		{D12612EA-A80D-4EC6-82B9-75873D15754E}.Debug|Any CPU.ActiveCfg = Debug|Any CPU
		{D12612EA-A80D-4EC6-82B9-75873D15754E}.Debug|Any CPU.Build.0 = Debug|Any CPU
		{D12612EA-A80D-4EC6-82B9-75873D15754E}.Release|Any CPU.ActiveCfg = Release|Any CPU
		{D12612EA-A80D-4EC6-82B9-75873D15754E}.Release|Any CPU.Build.0 = Release|Any CPU
		{A3E43159-A12C-4D95-92E1-CD0BA57CFDDC}.Debug|Any CPU.ActiveCfg = Debug|Any CPU
		{A3E43159-A12C-4D95-92E1-CD0BA57CFDDC}.Debug|Any CPU.Build.0 = Debug|Any CPU
		{A3E43159-A12C-4D95-92E1-CD0BA57CFDDC}.Release|Any CPU.ActiveCfg = Release|Any CPU
		{A3E43159-A12C-4D95-92E1-CD0BA57CFDDC}.Release|Any CPU.Build.0 = Release|Any CPU
		{0FEEBACB-7C7B-491D-A3B2-7761A648C127}.Debug|Any CPU.ActiveCfg = Debug|Any CPU
		{0FEEBACB-7C7B-491D-A3B2-7761A648C127}.Debug|Any CPU.Build.0 = Debug|Any CPU
		{0FEEBACB-7C7B-491D-A3B2-7761A648C127}.Release|Any CPU.ActiveCfg = Release|Any CPU
		{0FEEBACB-7C7B-491D-A3B2-7761A648C127}.Release|Any CPU.Build.0 = Release|Any CPU
		{A6244DAC-91EE-4E24-A8F4-52B917BB9411}.Debug|Any CPU.ActiveCfg = Debug|Any CPU
		{A6244DAC-91EE-4E24-A8F4-52B917BB9411}.Debug|Any CPU.Build.0 = Debug|Any CPU
		{A6244DAC-91EE-4E24-A8F4-52B917BB9411}.Release|Any CPU.ActiveCfg = Release|Any CPU
		{A6244DAC-91EE-4E24-A8F4-52B917BB9411}.Release|Any CPU.Build.0 = Release|Any CPU
		{A7CF983F-1C65-4B4A-9898-9B55E3C5D52F}.Debug|Any CPU.ActiveCfg = Debug|Any CPU
		{A7CF983F-1C65-4B4A-9898-9B55E3C5D52F}.Debug|Any CPU.Build.0 = Debug|Any CPU
		{A7CF983F-1C65-4B4A-9898-9B55E3C5D52F}.Release|Any CPU.ActiveCfg = Release|Any CPU
		{A7CF983F-1C65-4B4A-9898-9B55E3C5D52F}.Release|Any CPU.Build.0 = Release|Any CPU
		{2DF1CF67-21A4-443C-9E12-6A868767E6D9}.Debug|Any CPU.ActiveCfg = Debug|Any CPU
		{2DF1CF67-21A4-443C-9E12-6A868767E6D9}.Debug|Any CPU.Build.0 = Debug|Any CPU
		{2DF1CF67-21A4-443C-9E12-6A868767E6D9}.Release|Any CPU.ActiveCfg = Release|Any CPU
		{2DF1CF67-21A4-443C-9E12-6A868767E6D9}.Release|Any CPU.Build.0 = Release|Any CPU
	EndGlobalSection
	GlobalSection(SolutionProperties) = preSolution
		HideSolutionNode = FALSE
	EndGlobalSection
	GlobalSection(ExtensibilityGlobals) = postSolution
		SolutionGuid = {6A1B63F9-6200-4344-BFDE-433787D4865B}
	EndGlobalSection
EndGlobal
